
Microsoft Visual Studio Solution File, Format Version 12.00
# Visual Studio Version 16
VisualStudioVersion = 16.0.30621.155
MinimumVisualStudioVersion = 10.0.40219.1
Project("{8BC9CEB8-8B4A-11D0-8D11-00A0C91BC942}") = "2lab1", "2lab1\2lab1.vcxproj", "{496021D3-CB54-4D4E-819E-ECEEDC7BEBBF}"
EndProject
Global
	GlobalSection(SolutionConfigurationPlatforms) = preSolution
		Debug|x64 = Debug|x64
		Debug|x86 = Debug|x86
		Release|x64 = Release|x64
		Release|x86 = Release|x86
	EndGlobalSection
	GlobalSection(ProjectConfigurationPlatforms) = postSolution
		{496021D3-CB54-4D4E-819E-ECEEDC7BEBBF}.Debug|x64.ActiveCfg = Debug|x64
		{496021D3-CB54-4D4E-819E-ECEEDC7BEBBF}.Debug|x64.Build.0 = Debug|x64
		{496021D3-CB54-4D4E-819E-ECEEDC7BEBBF}.Debug|x86.ActiveCfg = Debug|Win32
		{496021D3-CB54-4D4E-819E-ECEEDC7BEBBF}.Debug|x86.Build.0 = Debug|Win32
		{496021D3-CB54-4D4E-819E-ECEEDC7BEBBF}.Release|x64.ActiveCfg = Release|x64
		{496021D3-CB54-4D4E-819E-ECEEDC7BEBBF}.Release|x64.Build.0 = Release|x64
		{496021D3-CB54-4D4E-819E-ECEEDC7BEBBF}.Release|x86.ActiveCfg = Release|Win32
		{496021D3-CB54-4D4E-819E-ECEEDC7BEBBF}.Release|x86.Build.0 = Release|Win32
	EndGlobalSection
	GlobalSection(SolutionProperties) = preSolution
		HideSolutionNode = FALSE
	EndGlobalSection
	GlobalSection(ExtensibilityGlobals) = postSolution
		SolutionGuid = {4237A462-12FE-44D9-BC33-C23A91EF4AD9}
	EndGlobalSection
EndGlobal
